
Microsoft Visual Studio Solution File, Format Version 11.00
# Visual Studio 2010
Project("{FAE04EC0-301F-11D3-BF4B-00C04F79EFBC}") = "AstarPathfindingProject", "AstarPathfindingProject.csproj", "{f0112f50-1863-7cdd-70f9-6effaad9bff7}"
EndProject
Project("{FAE04EC0-301F-11D3-BF4B-00C04F79EFBC}") = "Assembly-CSharp", "Assembly-CSharp.csproj", "{a426a2e7-7092-bf1a-0689-e004c9751591}"
EndProject
Project("{FAE04EC0-301F-11D3-BF4B-00C04F79EFBC}") = "PackageToolsEditor", "PackageToolsEditor.csproj", "{99e0b546-d316-d8af-0ad8-843dda4d190c}"
EndProject
Project("{FAE04EC0-301F-11D3-BF4B-00C04F79EFBC}") = "AstarPathfindingProjectEditor", "AstarPathfindingProjectEditor.csproj", "{876d6042-4219-6096-ce61-9f37f249c3d2}"
EndProject
Global
	GlobalSection(SolutionConfigurationPlatforms) = preSolution
		Debug|Any CPU = Debug|Any CPU
	EndGlobalSection
	GlobalSection(ProjectConfigurationPlatforms) = postSolution
		{f0112f50-1863-7cdd-70f9-6effaad9bff7}.Debug|Any CPU.ActiveCfg = Debug|Any CPU
		{f0112f50-1863-7cdd-70f9-6effaad9bff7}.Debug|Any CPU.Build.0 = Debug|Any CPU
		{a426a2e7-7092-bf1a-0689-e004c9751591}.Debug|Any CPU.ActiveCfg = Debug|Any CPU
		{a426a2e7-7092-bf1a-0689-e004c9751591}.Debug|Any CPU.Build.0 = Debug|Any CPU
		{99e0b546-d316-d8af-0ad8-843dda4d190c}.Debug|Any CPU.ActiveCfg = Debug|Any CPU
		{99e0b546-d316-d8af-0ad8-843dda4d190c}.Debug|Any CPU.Build.0 = Debug|Any CPU
		{876d6042-4219-6096-ce61-9f37f249c3d2}.Debug|Any CPU.ActiveCfg = Debug|Any CPU
		{876d6042-4219-6096-ce61-9f37f249c3d2}.Debug|Any CPU.Build.0 = Debug|Any CPU
	EndGlobalSection
	GlobalSection(SolutionProperties) = preSolution
		HideSolutionNode = FALSE
	EndGlobalSection
EndGlobal
